// !$*UTF8*$!
{
	archiveVersion = 1;
	classes = {
	};
	objectVersion = 46;
	objects = {

/* Begin PBXBuildFile section */
		4126E7281E3CA952006C5535 /* AddViewController.swift in Sources */ = {isa = PBXBuildFile; fileRef = 4126E7271E3CA952006C5535 /* AddViewController.swift */; };
		41735EBD1E3BD994006DFD9E /* AppDelegate.swift in Sources */ = {isa = PBXBuildFile; fileRef = 41735EBC1E3BD994006DFD9E /* AppDelegate.swift */; };
		41735EBF1E3BD994006DFD9E /* ViewController.swift in Sources */ = {isa = PBXBuildFile; fileRef = 41735EBE1E3BD994006DFD9E /* ViewController.swift */; };
		41735EC21E3BD994006DFD9E /* Main.storyboard in Resources */ = {isa = PBXBuildFile; fileRef = 41735EC01E3BD994006DFD9E /* Main.storyboard */; };
		41735EC41E3BD994006DFD9E /* Assets.xcassets in Resources */ = {isa = PBXBuildFile; fileRef = 41735EC31E3BD994006DFD9E /* Assets.xcassets */; };
		41735EC71E3BD994006DFD9E /* LaunchScreen.storyboard in Resources */ = {isa = PBXBuildFile; fileRef = 41735EC51E3BD994006DFD9E /* LaunchScreen.storyboard */; };
		41735EEB1E3BDB19006DFD9E /* TodosTableViewController.swift in Sources */ = {isa = PBXBuildFile; fileRef = 41735EEA1E3BDB19006DFD9E /* TodosTableViewController.swift */; };
		41735EED1E3BEF44006DFD9E /* DetailsViewController.swift in Sources */ = {isa = PBXBuildFile; fileRef = 41735EEC1E3BEF44006DFD9E /* DetailsViewController.swift */; };
/* End PBXBuildFile section */

/* Begin PBXContainerItemProxy section */
		41735ECE1E3BD995006DFD9E /* PBXContainerItemProxy */ = {
			isa = PBXContainerItemProxy;
			containerPortal = 41735EB11E3BD994006DFD9E /* Project object */;
			proxyType = 1;
			remoteGlobalIDString = 41735EB81E3BD994006DFD9E;
			remoteInfo = ToDoApp;
		};
		41735ED91E3BD995006DFD9E /* PBXContainerItemProxy */ = {
			isa = PBXContainerItemProxy;
			containerPortal = 41735EB11E3BD994006DFD9E /* Project object */;
			proxyType = 1;
			remoteGlobalIDString = 41735EB81E3BD994006DFD9E;
			remoteInfo = ToDoApp;
		};
/* End PBXContainerItemProxy section */

/* Begin PBXFileReference section */
		4126E7271E3CA952006C5535 /* AddViewController.swift */ = {isa = PBXFileReference; fileEncoding = 4; lastKnownFileType = sourcecode.swift; path = AddViewController.swift; sourceTree = "<group>"; };
		41735EB91E3BD994006DFD9E /* ToDoApp.app */ = {isa = PBXFileReference; explicitFileType = wrapper.application; includeInIndex = 0; path = ToDoApp.app; sourceTree = BUILT_PRODUCTS_DIR; };
		41735EBC1E3BD994006DFD9E /* AppDelegate.swift */ = {isa = PBXFileReference; lastKnownFileType = sourcecode.swift; path = AppDelegate.swift; sourceTree = "<group>"; };
		41735EBE1E3BD994006DFD9E /* ViewController.swift */ = {isa = PBXFileReference; lastKnownFileType = sourcecode.swift; path = ViewController.swift; sourceTree = "<group>"; };
		41735EC11E3BD994006DFD9E /* Base */ = {isa = PBXFileReference; lastKnownFileType = file.storyboard; name = Base; path = Base.lproj/Main.storyboard; sourceTree = "<group>"; };
		41735EC31E3BD994006DFD9E /* Assets.xcassets */ = {isa = PBXFileReference; lastKnownFileType = folder.assetcatalog; path = Assets.xcassets; sourceTree = "<group>"; };
		41735EC61E3BD994006DFD9E /* Base */ = {isa = PBXFileReference; lastKnownFileType = file.storyboard; name = Base; path = Base.lproj/LaunchScreen.storyboard; sourceTree = "<group>"; };
		41735EC81E3BD994006DFD9E /* Info.plist */ = {isa = PBXFileReference; lastKnownFileType = text.plist.xml; path = Info.plist; sourceTree = "<group>"; };
		41735ECD1E3BD995006DFD9E /* ToDoAppTests.xctest */ = {isa = PBXFileReference; explicitFileType = wrapper.cfbundle; includeInIndex = 0; path = ToDoAppTests.xctest; sourceTree = BUILT_PRODUCTS_DIR; };
		41735ED81E3BD995006DFD9E /* ToDoAppUITests.xctest */ = {isa = PBXFileReference; explicitFileType = wrapper.cfbundle; includeInIndex = 0; path = ToDoAppUITests.xctest; sourceTree = BUILT_PRODUCTS_DIR; };
		41735EEA1E3BDB19006DFD9E /* TodosTableViewController.swift */ = {isa = PBXFileReference; fileEncoding = 4; lastKnownFileType = sourcecode.swift; path = TodosTableViewController.swift; sourceTree = "<group>"; };
		41735EEC1E3BEF44006DFD9E /* DetailsViewController.swift */ = {isa = PBXFileReference; fileEncoding = 4; lastKnownFileType = sourcecode.swift; path = DetailsViewController.swift; sourceTree = "<group>"; };
/* End PBXFileReference section */

/* Begin PBXFrameworksBuildPhase section */
		41735EB61E3BD994006DFD9E /* Frameworks */ = {
			isa = PBXFrameworksBuildPhase;
			buildActionMask = 2147483647;
			files = (
			);
			runOnlyForDeploymentPostprocessing = 0;
		};
		41735ECA1E3BD995006DFD9E /* Frameworks */ = {
			isa = PBXFrameworksBuildPhase;
			buildActionMask = 2147483647;
			files = (
			);
			runOnlyForDeploymentPostprocessing = 0;
		};
		41735ED51E3BD995006DFD9E /* Frameworks */ = {
			isa = PBXFrameworksBuildPhase;
			buildActionMask = 2147483647;
			files = (
			);
			runOnlyForDeploymentPostprocessing = 0;
		};
/* End PBXFrameworksBuildPhase section */

/* Begin PBXGroup section */
		41735EB01E3BD994006DFD9E = {
			isa = PBXGroup;
			children = (
				41735EBB1E3BD994006DFD9E /* ToDoApp */,
				41735EBA1E3BD994006DFD9E /* Products */,
			);
			sourceTree = "<group>";
		};
		41735EBA1E3BD994006DFD9E /* Products */ = {
			isa = PBXGroup;
			children = (
				41735EB91E3BD994006DFD9E /* ToDoApp.app */,
				41735ECD1E3BD995006DFD9E /* ToDoAppTests.xctest */,
				41735ED81E3BD995006DFD9E /* ToDoAppUITests.xctest */,
			);
			name = Products;
			sourceTree = "<group>";
		};
		41735EBB1E3BD994006DFD9E /* ToDoApp */ = {
			isa = PBXGroup;
			children = (
				41735EBC1E3BD994006DFD9E /* AppDelegate.swift */,
				41735EBE1E3BD994006DFD9E /* ViewController.swift */,
				41735EC01E3BD994006DFD9E /* Main.storyboard */,
				41735EC31E3BD994006DFD9E /* Assets.xcassets */,
				41735EC51E3BD994006DFD9E /* LaunchScreen.storyboard */,
				41735EC81E3BD994006DFD9E /* Info.plist */,
				41735EEA1E3BDB19006DFD9E /* TodosTableViewController.swift */,
				41735EEC1E3BEF44006DFD9E /* DetailsViewController.swift */,
				4126E7271E3CA952006C5535 /* AddViewController.swift */,
			);
			path = ToDoApp;
			sourceTree = "<group>";
		};
/* End PBXGroup section */

/* Begin PBXNativeTarget section */
		41735EB81E3BD994006DFD9E /* ToDoApp */ = {
			isa = PBXNativeTarget;
			buildConfigurationList = 41735EE11E3BD995006DFD9E /* Build configuration list for PBXNativeTarget "ToDoApp" */;
			buildPhases = (
				41735EB51E3BD994006DFD9E /* Sources */,
				41735EB61E3BD994006DFD9E /* Frameworks */,
				41735EB71E3BD994006DFD9E /* Resources */,
			);
			buildRules = (
			);
			dependencies = (
			);
			name = ToDoApp;
			productName = ToDoApp;
			productReference = 41735EB91E3BD994006DFD9E /* ToDoApp.app */;
			productType = "com.apple.product-type.application";
		};
		41735ECC1E3BD995006DFD9E /* ToDoAppTests */ = {
			isa = PBXNativeTarget;
			buildConfigurationList = 41735EE41E3BD995006DFD9E /* Build configuration list for PBXNativeTarget "ToDoAppTests" */;
			buildPhases = (
				41735EC91E3BD995006DFD9E /* Sources */,
				41735ECA1E3BD995006DFD9E /* Frameworks */,
				41735ECB1E3BD995006DFD9E /* Resources */,
			);
			buildRules = (
			);
			dependencies = (
				41735ECF1E3BD995006DFD9E /* PBXTargetDependency */,
			);
			name = ToDoAppTests;
			productName = ToDoAppTests;
			productReference = 41735ECD1E3BD995006DFD9E /* ToDoAppTests.xctest */;
			productType = "com.apple.product-type.bundle.unit-test";
		};
		41735ED71E3BD995006DFD9E /* ToDoAppUITests */ = {
			isa = PBXNativeTarget;
			buildConfigurationList = 41735EE71E3BD995006DFD9E /* Build configuration list for PBXNativeTarget "ToDoAppUITests" */;
			buildPhases = (
				41735ED41E3BD995006DFD9E /* Sources */,
				41735ED51E3BD995006DFD9E /* Frameworks */,
				41735ED61E3BD995006DFD9E /* Resources */,
			);
			buildRules = (
			);
			dependencies = (
				41735EDA1E3BD995006DFD9E /* PBXTargetDependency */,
			);
			name = ToDoAppUITests;
			productName = ToDoAppUITests;
			productReference = 41735ED81E3BD995006DFD9E /* ToDoAppUITests.xctest */;
			productType = "com.apple.product-type.bundle.ui-testing";
		};
/* End PBXNativeTarget section */

/* Begin PBXProject section */
		41735EB11E3BD994006DFD9E /* Project object */ = {
			isa = PBXProject;
			attributes = {
				LastSwiftUpdateCheck = 0820;
				LastUpgradeCheck = 0820;
				ORGANIZATIONNAME = Klaudia;
				TargetAttributes = {
					41735EB81E3BD994006DFD9E = {
						CreatedOnToolsVersion = 8.2.1;
						ProvisioningStyle = Automatic;
					};
					41735ECC1E3BD995006DFD9E = {
						CreatedOnToolsVersion = 8.2.1;
						ProvisioningStyle = Automatic;
						TestTargetID = 41735EB81E3BD994006DFD9E;
					};
					41735ED71E3BD995006DFD9E = {
						CreatedOnToolsVersion = 8.2.1;
						ProvisioningStyle = Automatic;
						TestTargetID = 41735EB81E3BD994006DFD9E;
					};
				};
			};
			buildConfigurationList = 41735EB41E3BD994006DFD9E /* Build configuration list for PBXProject "ToDoApp" */;
			compatibilityVersion = "Xcode 3.2";
			developmentRegion = English;
			hasScannedForEncodings = 0;
			knownRegions = (
				en,
				Base,
			);
			mainGroup = 41735EB01E3BD994006DFD9E;
			productRefGroup = 41735EBA1E3BD994006DFD9E /* Products */;
			projectDirPath = "";
			projectRoot = "";
			targets = (
				41735EB81E3BD994006DFD9E /* ToDoApp */,
				41735ECC1E3BD995006DFD9E /* ToDoAppTests */,
				41735ED71E3BD995006DFD9E /* ToDoAppUITests */,
			);
		};
/* End PBXProject section */

/* Begin PBXResourcesBuildPhase section */
		41735EB71E3BD994006DFD9E /* Resources */ = {
			isa = PBXResourcesBuildPhase;
			buildActionMask = 2147483647;
			files = (
				41735EC71E3BD994006DFD9E /* LaunchScreen.storyboard in Resources */,
				41735EC41E3BD994006DFD9E /* Assets.xcassets in Resources */,
				41735EC21E3BD994006DFD9E /* Main.storyboard in Resources */,
			);
			runOnlyForDeploymentPostprocessing = 0;
		};
		41735ECB1E3BD995006DFD9E /* Resources */ = {
			isa = PBXResourcesBuildPhase;
			buildActionMask = 2147483647;
			files = (
			);
			runOnlyForDeploymentPostprocessing = 0;
		};
		41735ED61E3BD995006DFD9E /* Resources */ = {
			isa = PBXResourcesBuildPhase;
			buildActionMask = 2147483647;
			files = (
			);
			runOnlyForDeploymentPostprocessing = 0;
		};
/* End PBXResourcesBuildPhase section */

/* Begin PBXSourcesBuildPhase section */
		41735EB51E3BD994006DFD9E /* Sources */ = {
			isa = PBXSourcesBuildPhase;
			buildActionMask = 2147483647;
			files = (
				4126E7281E3CA952006C5535 /* AddViewController.swift in Sources */,
				41735EBF1E3BD994006DFD9E /* ViewController.swift in Sources */,
				41735EED1E3BEF44006DFD9E /* DetailsViewController.swift in Sources */,
				41735EEB1E3BDB19006DFD9E /* TodosTableViewController.swift in Sources */,
				41735EBD1E3BD994006DFD9E /* AppDelegate.swift in Sources */,
			);
			runOnlyForDeploymentPostprocessing = 0;
		};
		41735EC91E3BD995006DFD9E /* Sources */ = {
			isa = PBXSourcesBuildPhase;
			buildActionMask = 2147483647;
			files = (
			);
			runOnlyForDeploymentPostprocessing = 0;
		};
		41735ED41E3BD995006DFD9E /* Sources */ = {
			isa = PBXSourcesBuildPhase;
			buildActionMask = 2147483647;
			files = (
			);
			runOnlyForDeploymentPostprocessing = 0;
		};
/* End PBXSourcesBuildPhase section */

/* Begin PBXTargetDependency section */
		41735ECF1E3BD995006DFD9E /* PBXTargetDependency */ = {
			isa = PBXTargetDependency;
			target = 41735EB81E3BD994006DFD9E /* ToDoApp */;
			targetProxy = 41735ECE1E3BD995006DFD9E /* PBXContainerItemProxy */;
		};
		41735EDA1E3BD995006DFD9E /* PBXTargetDependency */ = {
			isa = PBXTargetDependency;
			target = 41735EB81E3BD994006DFD9E /* ToDoApp */;
			targetProxy = 41735ED91E3BD995006DFD9E /* PBXContainerItemProxy */;
		};
/* End PBXTargetDependency section */

/* Begin PBXVariantGroup section */
		41735EC01E3BD994006DFD9E /* Main.storyboard */ = {
			isa = PBXVariantGroup;
			children = (
				41735EC11E3BD994006DFD9E /* Base */,
			);
			name = Main.storyboard;
			sourceTree = "<group>";
		};
		41735EC51E3BD994006DFD9E /* LaunchScreen.storyboard */ = {
			isa = PBXVariantGroup;
			children = (
				41735EC61E3BD994006DFD9E /* Base */,
			);
			name = LaunchScreen.storyboard;
			sourceTree = "<group>";
		};
/* End PBXVariantGroup section */

/* Begin XCBuildConfiguration section */
		41735EDF1E3BD995006DFD9E /* Debug */ = {
			isa = XCBuildConfiguration;
			buildSettings = {
				ALWAYS_SEARCH_USER_PATHS = NO;
				CLANG_ANALYZER_NONNULL = YES;
				CLANG_CXX_LANGUAGE_STANDARD = "gnu++0x";
				CLANG_CXX_LIBRARY = "libc++";
				CLANG_ENABLE_MODULES = YES;
				CLANG_ENABLE_OBJC_ARC = YES;
				CLANG_WARN_BOOL_CONVERSION = YES;
				CLANG_WARN_CONSTANT_CONVERSION = YES;
				CLANG_WARN_DIRECT_OBJC_ISA_USAGE = YES_ERROR;
				CLANG_WARN_DOCUMENTATION_COMMENTS = YES;
				CLANG_WARN_EMPTY_BODY = YES;
				CLANG_WARN_ENUM_CONVERSION = YES;
				CLANG_WARN_INFINITE_RECURSION = YES;
				CLANG_WARN_INT_CONVERSION = YES;
				CLANG_WARN_OBJC_ROOT_CLASS = YES_ERROR;
				CLANG_WARN_SUSPICIOUS_MOVE = YES;
				CLANG_WARN_UNREACHABLE_CODE = YES;
				CLANG_WARN__DUPLICATE_METHOD_MATCH = YES;
				"CODE_SIGN_IDENTITY[sdk=iphoneos*]" = "iPhone Developer";
				COPY_PHASE_STRIP = NO;
				DEBUG_INFORMATION_FORMAT = dwarf;
				ENABLE_STRICT_OBJC_MSGSEND = YES;
				ENABLE_TESTABILITY = YES;
				GCC_C_LANGUAGE_STANDARD = gnu99;
				GCC_DYNAMIC_NO_PIC = NO;
				GCC_NO_COMMON_BLOCKS = YES;
				GCC_OPTIMIZATION_LEVEL = 0;
				GCC_PREPROCESSOR_DEFINITIONS = (
					"DEBUG=1",
					"$(inherited)",
				);
				GCC_WARN_64_TO_32_BIT_CONVERSION = YES;
				GCC_WARN_ABOUT_RETURN_TYPE = YES_ERROR;
				GCC_WARN_UNDECLARED_SELECTOR = YES;
				GCC_WARN_UNINITIALIZED_AUTOS = YES_AGGRESSIVE;
				GCC_WARN_UNUSED_FUNCTION = YES;
				GCC_WARN_UNUSED_VARIABLE = YES;
				IPHONEOS_DEPLOYMENT_TARGET = 10.2;
				MTL_ENABLE_DEBUG_INFO = YES;
				ONLY_ACTIVE_ARCH = YES;
				SDKROOT = iphoneos;
				SWIFT_ACTIVE_COMPILATION_CONDITIONS = DEBUG;
				SWIFT_OPTIMIZATION_LEVEL = "-Onone";
				TARGETED_DEVICE_FAMILY = "1,2";
			};
			name = Debug;
		};
		41735EE01E3BD995006DFD9E /* Release */ = {
			isa = XCBuildConfiguration;
			buildSettings = {
				ALWAYS_SEARCH_USER_PATHS = NO;
				CLANG_ANALYZER_NONNULL = YES;
				CLANG_CXX_LANGUAGE_STANDARD = "gnu++0x";
				CLANG_CXX_LIBRARY = "libc++";
				CLANG_ENABLE_MODULES = YES;
				CLANG_ENABLE_OBJC_ARC = YES;
				CLANG_WARN_BOOL_CONVERSION = YES;
				CLANG_WARN_CONSTANT_CONVERSION = YES;
				CLANG_WARN_DIRECT_OBJC_ISA_USAGE = YES_ERROR;
				CLANG_WARN_DOCUMENTATION_COMMENTS = YES;
				CLANG_WARN_EMPTY_BODY = YES;
				CLANG_WARN_ENUM_CONVERSION = YES;
				CLANG_WARN_INFINITE_RECURSION = YES;
				CLANG_WARN_INT_CONVERSION = YES;
				CLANG_WARN_OBJC_ROOT_CLASS = YES_ERROR;
				CLANG_WARN_SUSPICIOUS_MOVE = YES;
				CLANG_WARN_UNREACHABLE_CODE = YES;
				CLANG_WARN__DUPLICATE_METHOD_MATCH = YES;
				"CODE_SIGN_IDENTITY[sdk=iphoneos*]" = "iPhone Developer";
				COPY_PHASE_STRIP = NO;
				DEBUG_INFORMATION_FORMAT = "dwarf-with-dsym";
				ENABLE_NS_ASSERTIONS = NO;
				ENABLE_STRICT_OBJC_MSGSEND = YES;
				GCC_C_LANGUAGE_STANDARD = gnu99;
				GCC_NO_COMMON_BLOCKS = YES;
				GCC_WARN_64_TO_32_BIT_CONVERSION = YES;
				GCC_WARN_ABOUT_RETURN_TYPE = YES_ERROR;
				GCC_WARN_UNDECLARED_SELECTOR = YES;
				GCC_WARN_UNINITIALIZED_AUTOS = YES_AGGRESSIVE;
				GCC_WARN_UNUSED_FUNCTION = YES;
				GCC_WARN_UNUSED_VARIABLE = YES;
				IPHONEOS_DEPLOYMENT_TARGET = 10.2;
				MTL_ENABLE_DEBUG_INFO = NO;
				SDKROOT = iphoneos;
				SWIFT_OPTIMIZATION_LEVEL = "-Owholemodule";
				TARGETED_DEVICE_FAMILY = "1,2";
				VALIDATE_PRODUCT = YES;
			};
			name = Release;
		};
		41735EE21E3BD995006DFD9E /* Debug */ = {
			isa = XCBuildConfiguration;
			buildSettings = {
				ASSETCATALOG_COMPILER_APPICON_NAME = AppIcon;
				INFOPLIST_FILE = ToDoApp/Info.plist;
				LD_RUNPATH_SEARCH_PATHS = "$(inherited) @executable_path/Frameworks";
				PRODUCT_BUNDLE_IDENTIFIER = Klaudia.ToDoApp;
				PRODUCT_NAME = "$(TARGET_NAME)";
				SWIFT_VERSION = 3.0;
			};
			name = Debug;
		};
		41735EE31E3BD995006DFD9E /* Release */ = {
			isa = XCBuildConfiguration;
			buildSettings = {
				ASSETCATALOG_COMPILER_APPICON_NAME = AppIcon;
				INFOPLIST_FILE = ToDoApp/Info.plist;
				LD_RUNPATH_SEARCH_PATHS = "$(inherited) @executable_path/Frameworks";
				PRODUCT_BUNDLE_IDENTIFIER = Klaudia.ToDoApp;
				PRODUCT_NAME = "$(TARGET_NAME)";
				SWIFT_VERSION = 3.0;
			};
			name = Release;
		};
		41735EE51E3BD995006DFD9E /* Debug */ = {
			isa = XCBuildConfiguration;
			buildSettings = {
				ALWAYS_EMBED_SWIFT_STANDARD_LIBRARIES = YES;
				BUNDLE_LOADER = "$(TEST_HOST)";
				INFOPLIST_FILE = ToDoAppTests/Info.plist;
				LD_RUNPATH_SEARCH_PATHS = "$(inherited) @executable_path/Frameworks @loader_path/Frameworks";
				PRODUCT_BUNDLE_IDENTIFIER = Klaudia.ToDoAppTests;
				PRODUCT_NAME = "$(TARGET_NAME)";
				SWIFT_VERSION = 3.0;
				TEST_HOST = "$(BUILT_PRODUCTS_DIR)/ToDoApp.app/ToDoApp";
			};
			name = Debug;
		};
		41735EE61E3BD995006DFD9E /* Release */ = {
			isa = XCBuildConfiguration;
			buildSettings = {
				ALWAYS_EMBED_SWIFT_STANDARD_LIBRARIES = YES;
				BUNDLE_LOADER = "$(TEST_HOST)";
				INFOPLIST_FILE = ToDoAppTests/Info.plist;
				LD_RUNPATH_SEARCH_PATHS = "$(inherited) @executable_path/Frameworks @loader_path/Frameworks";
				PRODUCT_BUNDLE_IDENTIFIER = Klaudia.ToDoAppTests;
				PRODUCT_NAME = "$(TARGET_NAME)";
				SWIFT_VERSION = 3.0;
				TEST_HOST = "$(BUILT_PRODUCTS_DIR)/ToDoApp.app/ToDoApp";
			};
			name = Release;
		};
		41735EE81E3BD995006DFD9E /* Debug */ = {
			isa = XCBuildConfiguration;
			buildSettings = {
				ALWAYS_EMBED_SWIFT_STANDARD_LIBRARIES = YES;
				INFOPLIST_FILE = ToDoAppUITests/Info.plist;
				LD_RUNPATH_SEARCH_PATHS = "$(inherited) @executable_path/Frameworks @loader_path/Frameworks";
				PRODUCT_BUNDLE_IDENTIFIER = Klaudia.ToDoAppUITests;
				PRODUCT_NAME = "$(TARGET_NAME)";
				SWIFT_VERSION = 3.0;
				TEST_TARGET_NAME = ToDoApp;
			};
			name = Debug;
		};
		41735EE91E3BD995006DFD9E /* Release */ = {
			isa = XCBuildConfiguration;
			buildSettings = {
				ALWAYS_EMBED_SWIFT_STANDARD_LIBRARIES = YES;
				INFOPLIST_FILE = ToDoAppUITests/Info.plist;
				LD_RUNPATH_SEARCH_PATHS = "$(inherited) @executable_path/Frameworks @loader_path/Frameworks";
				PRODUCT_BUNDLE_IDENTIFIER = Klaudia.ToDoAppUITests;
				PRODUCT_NAME = "$(TARGET_NAME)";
				SWIFT_VERSION = 3.0;
				TEST_TARGET_NAME = ToDoApp;
			};
			name = Release;
		};
/* End XCBuildConfiguration section */

/* Begin XCConfigurationList section */
		41735EB41E3BD994006DFD9E /* Build configuration list for PBXProject "ToDoApp" */ = {
			isa = XCConfigurationList;
			buildConfigurations = (
				41735EDF1E3BD995006DFD9E /* Debug */,
				41735EE01E3BD995006DFD9E /* Release */,
			);
			defaultConfigurationIsVisible = 0;
			defaultConfigurationName = Release;
		};
		41735EE11E3BD995006DFD9E /* Build configuration list for PBXNativeTarget "ToDoApp" */ = {
			isa = XCConfigurationList;
			buildConfigurations = (
				41735EE21E3BD995006DFD9E /* Debug */,
				41735EE31E3BD995006DFD9E /* Release */,
			);
			defaultConfigurationIsVisible = 0;
			defaultConfigurationName = Release;
		};
		41735EE41E3BD995006DFD9E /* Build configuration list for PBXNativeTarget "ToDoAppTests" */ = {
			isa = XCConfigurationList;
			buildConfigurations = (
				41735EE51E3BD995006DFD9E /* Debug */,
				41735EE61E3BD995006DFD9E /* Release */,
			);
			defaultConfigurationIsVisible = 0;
			defaultConfigurationName = Release;
		};
		41735EE71E3BD995006DFD9E /* Build configuration list for PBXNativeTarget "ToDoAppUITests" */ = {
			isa = XCConfigurationList;
			buildConfigurations = (
				41735EE81E3BD995006DFD9E /* Debug */,
				41735EE91E3BD995006DFD9E /* Release */,
			);
			defaultConfigurationIsVisible = 0;
			defaultConfigurationName = Release;
		};
/* End XCConfigurationList section */
	};
	rootObject = 41735EB11E3BD994006DFD9E /* Project object */;
}
